
Microsoft Visual Studio Solution File, Format Version 12.00
# Visual Studio Version 17
VisualStudioVersion = 17.10.35122.118
MinimumVisualStudioVersion = 10.0.40219.1
Project("{FAE04EC0-301F-11D3-BF4B-00C04F79EFBC}") = "CalculadoraRosen", "CalculadoraRosen\CalculadoraRosen.csproj", "{6A6A7E81-FC45-4F67-9510-E41E016136A0}"
EndProject
Global
	GlobalSection(SolutionConfigurationPlatforms) = preSolution
		Debug|Any CPU = Debug|Any CPU
		Release|Any CPU = Release|Any CPU
	EndGlobalSection
	GlobalSection(ProjectConfigurationPlatforms) = postSolution
		{6A6A7E81-FC45-4F67-9510-E41E016136A0}.Debug|Any CPU.ActiveCfg = Debug|Any CPU
		{6A6A7E81-FC45-4F67-9510-E41E016136A0}.Debug|Any CPU.Build.0 = Debug|Any CPU
		{6A6A7E81-FC45-4F67-9510-E41E016136A0}.Release|Any CPU.ActiveCfg = Release|Any CPU
		{6A6A7E81-FC45-4F67-9510-E41E016136A0}.Release|Any CPU.Build.0 = Release|Any CPU
	EndGlobalSection
	GlobalSection(SolutionProperties) = preSolution
		HideSolutionNode = FALSE
	EndGlobalSection
	GlobalSection(ExtensibilityGlobals) = postSolution
		SolutionGuid = {880C7D16-AD8E-4378-9E8C-9B6594CE3FBC}
	EndGlobalSection
EndGlobal
